
Microsoft Visual Studio Solution File, Format Version 12.00
# Visual Studio Version 17
VisualStudioVersion = 17.13.35825.156 d17.13
MinimumVisualStudioVersion = 10.0.40219.1
Project("{FAE04EC0-301F-11D3-BF4B-00C04F79EFBC}") = "WebApplication2", "WebApplication2\WebApplication2.csproj", "{831E1B29-E001-4E86-B3E7-81150B42ECF7}"
EndProject
Global
	GlobalSection(SolutionConfigurationPlatforms) = preSolution
		Debug|Any CPU = Debug|Any CPU
		Release|Any CPU = Release|Any CPU
	EndGlobalSection
	GlobalSection(ProjectConfigurationPlatforms) = postSolution
		{831E1B29-E001-4E86-B3E7-81150B42ECF7}.Debug|Any CPU.ActiveCfg = Debug|Any CPU
		{831E1B29-E001-4E86-B3E7-81150B42ECF7}.Debug|Any CPU.Build.0 = Debug|Any CPU
		{831E1B29-E001-4E86-B3E7-81150B42ECF7}.Release|Any CPU.ActiveCfg = Release|Any CPU
		{831E1B29-E001-4E86-B3E7-81150B42ECF7}.Release|Any CPU.Build.0 = Release|Any CPU
	EndGlobalSection
	GlobalSection(SolutionProperties) = preSolution
		HideSolutionNode = FALSE
	EndGlobalSection
	GlobalSection(ExtensibilityGlobals) = postSolution
		SolutionGuid = {DB0C05F5-FCF7-4E08-BBFE-257F99721FBC}
	EndGlobalSection
EndGlobal
